// !$*UTF8*$!
{
	archiveVersion = 1;
	classes = {
	};
	objectVersion = 50;
	objects = {

/* Begin PBXBuildFile section */
		9C438DE6266A314900CDFEF8 /* Login.swift in Sources */ = {isa = PBXBuildFile; fileRef = 9C438DE5266A314900CDFEF8 /* Login.swift */; };
		9CE6E1B82668A71E00513773 /* AppDelegate.swift in Sources */ = {isa = PBXBuildFile; fileRef = 9CE6E1B72668A71E00513773 /* AppDelegate.swift */; };
		9CE6E1BA2668A71E00513773 /* SceneDelegate.swift in Sources */ = {isa = PBXBuildFile; fileRef = 9CE6E1B92668A71E00513773 /* SceneDelegate.swift */; };
		9CE6E1BC2668A71E00513773 /* ViewController.swift in Sources */ = {isa = PBXBuildFile; fileRef = 9CE6E1BB2668A71E00513773 /* ViewController.swift */; };
		9CE6E1BF2668A71E00513773 /* Main.storyboard in Resources */ = {isa = PBXBuildFile; fileRef = 9CE6E1BD2668A71E00513773 /* Main.storyboard */; };
		9CE6E1C12668A72000513773 /* Assets.xcassets in Resources */ = {isa = PBXBuildFile; fileRef = 9CE6E1C02668A72000513773 /* Assets.xcassets */; };
		9CE6E1C42668A72000513773 /* LaunchScreen.storyboard in Resources */ = {isa = PBXBuildFile; fileRef = 9CE6E1C22668A72000513773 /* LaunchScreen.storyboard */; };
		9CE6E1D02669310D00513773 /* UserRegisterViewModel.swift in Sources */ = {isa = PBXBuildFile; fileRef = 9CE6E1CF2669310D00513773 /* UserRegisterViewModel.swift */; };
		9CE6E1D32669396D00513773 /* DataRegister.swift in Sources */ = {isa = PBXBuildFile; fileRef = 9CE6E1D22669396D00513773 /* DataRegister.swift */; };
		9CE6E1D52669BC8900513773 /* Model.swift in Sources */ = {isa = PBXBuildFile; fileRef = 9CE6E1D42669BC8900513773 /* Model.swift */; };
		9CE6E1D72669E83D00513773 /* LoginViewController.swift in Sources */ = {isa = PBXBuildFile; fileRef = 9CE6E1D62669E83D00513773 /* LoginViewController.swift */; };
		9CE6E1D92669F15A00513773 /* HomeViewController.swift in Sources */ = {isa = PBXBuildFile; fileRef = 9CE6E1D82669F15A00513773 /* HomeViewController.swift */; };
		9CE6E1DB2669FB4100513773 /* HomeViewModel.swift in Sources */ = {isa = PBXBuildFile; fileRef = 9CE6E1DA2669FB4100513773 /* HomeViewModel.swift */; };
		9CE6E1DD266A01B400513773 /* LoginViewModel.swift in Sources */ = {isa = PBXBuildFile; fileRef = 9CE6E1DC266A01B400513773 /* LoginViewModel.swift */; };
/* End PBXBuildFile section */

/* Begin PBXFileReference section */
		9C438DE5266A314900CDFEF8 /* Login.swift */ = {isa = PBXFileReference; lastKnownFileType = sourcecode.swift; path = Login.swift; sourceTree = "<group>"; };
		9CE6E1B42668A71E00513773 /* MVVM.app */ = {isa = PBXFileReference; explicitFileType = wrapper.application; includeInIndex = 0; path = MVVM.app; sourceTree = BUILT_PRODUCTS_DIR; };
		9CE6E1B72668A71E00513773 /* AppDelegate.swift */ = {isa = PBXFileReference; lastKnownFileType = sourcecode.swift; path = AppDelegate.swift; sourceTree = "<group>"; };
		9CE6E1B92668A71E00513773 /* SceneDelegate.swift */ = {isa = PBXFileReference; lastKnownFileType = sourcecode.swift; path = SceneDelegate.swift; sourceTree = "<group>"; };
		9CE6E1BB2668A71E00513773 /* ViewController.swift */ = {isa = PBXFileReference; lastKnownFileType = sourcecode.swift; path = ViewController.swift; sourceTree = "<group>"; };
		9CE6E1BE2668A71E00513773 /* Base */ = {isa = PBXFileReference; lastKnownFileType = file.storyboard; name = Base; path = Base.lproj/Main.storyboard; sourceTree = "<group>"; };
		9CE6E1C02668A72000513773 /* Assets.xcassets */ = {isa = PBXFileReference; lastKnownFileType = folder.assetcatalog; path = Assets.xcassets; sourceTree = "<group>"; };
		9CE6E1C32668A72000513773 /* Base */ = {isa = PBXFileReference; lastKnownFileType = file.storyboard; name = Base; path = Base.lproj/LaunchScreen.storyboard; sourceTree = "<group>"; };
		9CE6E1C52668A72000513773 /* Info.plist */ = {isa = PBXFileReference; lastKnownFileType = text.plist.xml; path = Info.plist; sourceTree = "<group>"; };
		9CE6E1CF2669310D00513773 /* UserRegisterViewModel.swift */ = {isa = PBXFileReference; lastKnownFileType = sourcecode.swift; path = UserRegisterViewModel.swift; sourceTree = "<group>"; };
		9CE6E1D22669396D00513773 /* DataRegister.swift */ = {isa = PBXFileReference; lastKnownFileType = sourcecode.swift; path = DataRegister.swift; sourceTree = "<group>"; };
		9CE6E1D42669BC8900513773 /* Model.swift */ = {isa = PBXFileReference; lastKnownFileType = sourcecode.swift; path = Model.swift; sourceTree = "<group>"; };
		9CE6E1D62669E83D00513773 /* LoginViewController.swift */ = {isa = PBXFileReference; lastKnownFileType = sourcecode.swift; path = LoginViewController.swift; sourceTree = "<group>"; };
		9CE6E1D82669F15A00513773 /* HomeViewController.swift */ = {isa = PBXFileReference; lastKnownFileType = sourcecode.swift; path = HomeViewController.swift; sourceTree = "<group>"; };
		9CE6E1DA2669FB4100513773 /* HomeViewModel.swift */ = {isa = PBXFileReference; lastKnownFileType = sourcecode.swift; path = HomeViewModel.swift; sourceTree = "<group>"; };
		9CE6E1DC266A01B400513773 /* LoginViewModel.swift */ = {isa = PBXFileReference; lastKnownFileType = sourcecode.swift; path = LoginViewModel.swift; sourceTree = "<group>"; };
/* End PBXFileReference section */

/* Begin PBXFrameworksBuildPhase section */
		9CE6E1B12668A71E00513773 /* Frameworks */ = {
			isa = PBXFrameworksBuildPhase;
			buildActionMask = 2147483647;
			files = (
			);
			runOnlyForDeploymentPostprocessing = 0;
		};
/* End PBXFrameworksBuildPhase section */

/* Begin PBXGroup section */
		9CE6E1AB2668A71E00513773 = {
			isa = PBXGroup;
			children = (
				9CE6E1B62668A71E00513773 /* MVVM */,
				9CE6E1B52668A71E00513773 /* Products */,
			);
			sourceTree = "<group>";
		};
		9CE6E1B52668A71E00513773 /* Products */ = {
			isa = PBXGroup;
			children = (
				9CE6E1B42668A71E00513773 /* MVVM.app */,
			);
			name = Products;
			sourceTree = "<group>";
		};
		9CE6E1B62668A71E00513773 /* MVVM */ = {
			isa = PBXGroup;
			children = (
				9CE6E1D1266938AB00513773 /* Model */,
				9CE6E1CD26692B1000513773 /* View */,
				9CE6E1CE266930E400513773 /* ViewModels */,
				9CE6E1B72668A71E00513773 /* AppDelegate.swift */,
				9CE6E1B92668A71E00513773 /* SceneDelegate.swift */,
				9CE6E1BD2668A71E00513773 /* Main.storyboard */,
				9CE6E1C02668A72000513773 /* Assets.xcassets */,
				9CE6E1C22668A72000513773 /* LaunchScreen.storyboard */,
				9CE6E1C52668A72000513773 /* Info.plist */,
				9CE6E1D22669396D00513773 /* DataRegister.swift */,
			);
			path = MVVM;
			sourceTree = "<group>";
		};
		9CE6E1CD26692B1000513773 /* View */ = {
			isa = PBXGroup;
			children = (
				9CE6E1BB2668A71E00513773 /* ViewController.swift */,
				9CE6E1D62669E83D00513773 /* LoginViewController.swift */,
				9CE6E1D82669F15A00513773 /* HomeViewController.swift */,
			);
			path = View;
			sourceTree = "<group>";
		};
		9CE6E1CE266930E400513773 /* ViewModels */ = {
			isa = PBXGroup;
			children = (
				9CE6E1CF2669310D00513773 /* UserRegisterViewModel.swift */,
				9CE6E1DA2669FB4100513773 /* HomeViewModel.swift */,
				9CE6E1DC266A01B400513773 /* LoginViewModel.swift */,
			);
			path = ViewModels;
			sourceTree = "<group>";
		};
		9CE6E1D1266938AB00513773 /* Model */ = {
			isa = PBXGroup;
			children = (
				9CE6E1D42669BC8900513773 /* Model.swift */,
				9C438DE5266A314900CDFEF8 /* Login.swift */,
			);
			path = Model;
			sourceTree = "<group>";
		};
/* End PBXGroup section */

/* Begin PBXNativeTarget section */
		9CE6E1B32668A71E00513773 /* MVVM */ = {
			isa = PBXNativeTarget;
			buildConfigurationList = 9CE6E1C82668A72000513773 /* Build configuration list for PBXNativeTarget "MVVM" */;
			buildPhases = (
				9CE6E1B02668A71E00513773 /* Sources */,
				9CE6E1B12668A71E00513773 /* Frameworks */,
				9CE6E1B22668A71E00513773 /* Resources */,
			);
			buildRules = (
			);
			dependencies = (
			);
			name = MVVM;
			productName = MVVM;
			productReference = 9CE6E1B42668A71E00513773 /* MVVM.app */;
			productType = "com.apple.product-type.application";
		};
/* End PBXNativeTarget section */

/* Begin PBXProject section */
		9CE6E1AC2668A71E00513773 /* Project object */ = {
			isa = PBXProject;
			attributes = {
				LastSwiftUpdateCheck = 1250;
				LastUpgradeCheck = 1250;
				TargetAttributes = {
					9CE6E1B32668A71E00513773 = {
						CreatedOnToolsVersion = 12.5;
					};
				};
			};
			buildConfigurationList = 9CE6E1AF2668A71E00513773 /* Build configuration list for PBXProject "MVVM" */;
			compatibilityVersion = "Xcode 9.3";
			developmentRegion = en;
			hasScannedForEncodings = 0;
			knownRegions = (
				en,
				Base,
			);
			mainGroup = 9CE6E1AB2668A71E00513773;
			productRefGroup = 9CE6E1B52668A71E00513773 /* Products */;
			projectDirPath = "";
			projectRoot = "";
			targets = (
				9CE6E1B32668A71E00513773 /* MVVM */,
			);
		};
/* End PBXProject section */

/* Begin PBXResourcesBuildPhase section */
		9CE6E1B22668A71E00513773 /* Resources */ = {
			isa = PBXResourcesBuildPhase;
			buildActionMask = 2147483647;
			files = (
				9CE6E1C42668A72000513773 /* LaunchScreen.storyboard in Resources */,
				9CE6E1C12668A72000513773 /* Assets.xcassets in Resources */,
				9CE6E1BF2668A71E00513773 /* Main.storyboard in Resources */,
			);
			runOnlyForDeploymentPostprocessing = 0;
		};
/* End PBXResourcesBuildPhase section */

/* Begin PBXSourcesBuildPhase section */
		9CE6E1B02668A71E00513773 /* Sources */ = {
			isa = PBXSourcesBuildPhase;
			buildActionMask = 2147483647;
			files = (
				9CE6E1D52669BC8900513773 /* Model.swift in Sources */,
				9CE6E1DB2669FB4100513773 /* HomeViewModel.swift in Sources */,
				9CE6E1BC2668A71E00513773 /* ViewController.swift in Sources */,
				9CE6E1D32669396D00513773 /* DataRegister.swift in Sources */,
				9CE6E1D72669E83D00513773 /* LoginViewController.swift in Sources */,
				9CE6E1D92669F15A00513773 /* HomeViewController.swift in Sources */,
				9CE6E1B82668A71E00513773 /* AppDelegate.swift in Sources */,
				9CE6E1BA2668A71E00513773 /* SceneDelegate.swift in Sources */,
				9CE6E1DD266A01B400513773 /* LoginViewModel.swift in Sources */,
				9C438DE6266A314900CDFEF8 /* Login.swift in Sources */,
				9CE6E1D02669310D00513773 /* UserRegisterViewModel.swift in Sources */,
			);
			runOnlyForDeploymentPostprocessing = 0;
		};
/* End PBXSourcesBuildPhase section */

/* Begin PBXVariantGroup section */
		9CE6E1BD2668A71E00513773 /* Main.storyboard */ = {
			isa = PBXVariantGroup;
			children = (
				9CE6E1BE2668A71E00513773 /* Base */,
			);
			name = Main.storyboard;
			sourceTree = "<group>";
		};
		9CE6E1C22668A72000513773 /* LaunchScreen.storyboard */ = {
			isa = PBXVariantGroup;
			children = (
				9CE6E1C32668A72000513773 /* Base */,
			);
			name = LaunchScreen.storyboard;
			sourceTree = "<group>";
		};
/* End PBXVariantGroup section */

/* Begin XCBuildConfiguration section */
		9CE6E1C62668A72000513773 /* Debug */ = {
			isa = XCBuildConfiguration;
			buildSettings = {
				ALWAYS_SEARCH_USER_PATHS = NO;
				CLANG_ANALYZER_NONNULL = YES;
				CLANG_ANALYZER_NUMBER_OBJECT_CONVERSION = YES_AGGRESSIVE;
				CLANG_CXX_LANGUAGE_STANDARD = "gnu++14";
				CLANG_CXX_LIBRARY = "libc++";
				CLANG_ENABLE_MODULES = YES;
				CLANG_ENABLE_OBJC_ARC = YES;
				CLANG_ENABLE_OBJC_WEAK = YES;
				CLANG_WARN_BLOCK_CAPTURE_AUTORELEASING = YES;
				CLANG_WARN_BOOL_CONVERSION = YES;
				CLANG_WARN_COMMA = YES;
				CLANG_WARN_CONSTANT_CONVERSION = YES;
				CLANG_WARN_DEPRECATED_OBJC_IMPLEMENTATIONS = YES;
				CLANG_WARN_DIRECT_OBJC_ISA_USAGE = YES_ERROR;
				CLANG_WARN_DOCUMENTATION_COMMENTS = YES;
				CLANG_WARN_EMPTY_BODY = YES;
				CLANG_WARN_ENUM_CONVERSION = YES;
				CLANG_WARN_INFINITE_RECURSION = YES;
				CLANG_WARN_INT_CONVERSION = YES;
				CLANG_WARN_NON_LITERAL_NULL_CONVERSION = YES;
				CLANG_WARN_OBJC_IMPLICIT_RETAIN_SELF = YES;
				CLANG_WARN_OBJC_LITERAL_CONVERSION = YES;
				CLANG_WARN_OBJC_ROOT_CLASS = YES_ERROR;
				CLANG_WARN_QUOTED_INCLUDE_IN_FRAMEWORK_HEADER = YES;
				CLANG_WARN_RANGE_LOOP_ANALYSIS = YES;
				CLANG_WARN_STRICT_PROTOTYPES = YES;
				CLANG_WARN_SUSPICIOUS_MOVE = YES;
				CLANG_WARN_UNGUARDED_AVAILABILITY = YES_AGGRESSIVE;
				CLANG_WARN_UNREACHABLE_CODE = YES;
				CLANG_WARN__DUPLICATE_METHOD_MATCH = YES;
				COPY_PHASE_STRIP = NO;
				DEBUG_INFORMATION_FORMAT = dwarf;
				ENABLE_STRICT_OBJC_MSGSEND = YES;
				ENABLE_TESTABILITY = YES;
				GCC_C_LANGUAGE_STANDARD = gnu11;
				GCC_DYNAMIC_NO_PIC = NO;
				GCC_NO_COMMON_BLOCKS = YES;
				GCC_OPTIMIZATION_LEVEL = 0;
				GCC_PREPROCESSOR_DEFINITIONS = (
					"DEBUG=1",
					"$(inherited)",
				);
				GCC_WARN_64_TO_32_BIT_CONVERSION = YES;
				GCC_WARN_ABOUT_RETURN_TYPE = YES_ERROR;
				GCC_WARN_UNDECLARED_SELECTOR = YES;
				GCC_WARN_UNINITIALIZED_AUTOS = YES_AGGRESSIVE;
				GCC_WARN_UNUSED_FUNCTION = YES;
				GCC_WARN_UNUSED_VARIABLE = YES;
				IPHONEOS_DEPLOYMENT_TARGET = 14.5;
				MTL_ENABLE_DEBUG_INFO = INCLUDE_SOURCE;
				MTL_FAST_MATH = YES;
				ONLY_ACTIVE_ARCH = YES;
				SDKROOT = iphoneos;
				SWIFT_ACTIVE_COMPILATION_CONDITIONS = DEBUG;
				SWIFT_OPTIMIZATION_LEVEL = "-Onone";
			};
			name = Debug;
		};
		9CE6E1C72668A72000513773 /* Release */ = {
			isa = XCBuildConfiguration;
			buildSettings = {
				ALWAYS_SEARCH_USER_PATHS = NO;
				CLANG_ANALYZER_NONNULL = YES;
				CLANG_ANALYZER_NUMBER_OBJECT_CONVERSION = YES_AGGRESSIVE;
				CLANG_CXX_LANGUAGE_STANDARD = "gnu++14";
				CLANG_CXX_LIBRARY = "libc++";
				CLANG_ENABLE_MODULES = YES;
				CLANG_ENABLE_OBJC_ARC = YES;
				CLANG_ENABLE_OBJC_WEAK = YES;
				CLANG_WARN_BLOCK_CAPTURE_AUTORELEASING = YES;
				CLANG_WARN_BOOL_CONVERSION = YES;
				CLANG_WARN_COMMA = YES;
				CLANG_WARN_CONSTANT_CONVERSION = YES;
				CLANG_WARN_DEPRECATED_OBJC_IMPLEMENTATIONS = YES;
				CLANG_WARN_DIRECT_OBJC_ISA_USAGE = YES_ERROR;
				CLANG_WARN_DOCUMENTATION_COMMENTS = YES;
				CLANG_WARN_EMPTY_BODY = YES;
				CLANG_WARN_ENUM_CONVERSION = YES;
				CLANG_WARN_INFINITE_RECURSION = YES;
				CLANG_WARN_INT_CONVERSION = YES;
				CLANG_WARN_NON_LITERAL_NULL_CONVERSION = YES;
				CLANG_WARN_OBJC_IMPLICIT_RETAIN_SELF = YES;
				CLANG_WARN_OBJC_LITERAL_CONVERSION = YES;
				CLANG_WARN_OBJC_ROOT_CLASS = YES_ERROR;
				CLANG_WARN_QUOTED_INCLUDE_IN_FRAMEWORK_HEADER = YES;
				CLANG_WARN_RANGE_LOOP_ANALYSIS = YES;
				CLANG_WARN_STRICT_PROTOTYPES = YES;
				CLANG_WARN_SUSPICIOUS_MOVE = YES;
				CLANG_WARN_UNGUARDED_AVAILABILITY = YES_AGGRESSIVE;
				CLANG_WARN_UNREACHABLE_CODE = YES;
				CLANG_WARN__DUPLICATE_METHOD_MATCH = YES;
				COPY_PHASE_STRIP = NO;
				DEBUG_INFORMATION_FORMAT = "dwarf-with-dsym";
				ENABLE_NS_ASSERTIONS = NO;
				ENABLE_STRICT_OBJC_MSGSEND = YES;
				GCC_C_LANGUAGE_STANDARD = gnu11;
				GCC_NO_COMMON_BLOCKS = YES;
				GCC_WARN_64_TO_32_BIT_CONVERSION = YES;
				GCC_WARN_ABOUT_RETURN_TYPE = YES_ERROR;
				GCC_WARN_UNDECLARED_SELECTOR = YES;
				GCC_WARN_UNINITIALIZED_AUTOS = YES_AGGRESSIVE;
				GCC_WARN_UNUSED_FUNCTION = YES;
				GCC_WARN_UNUSED_VARIABLE = YES;
				IPHONEOS_DEPLOYMENT_TARGET = 14.5;
				MTL_ENABLE_DEBUG_INFO = NO;
				MTL_FAST_MATH = YES;
				SDKROOT = iphoneos;
				SWIFT_COMPILATION_MODE = wholemodule;
				SWIFT_OPTIMIZATION_LEVEL = "-O";
				VALIDATE_PRODUCT = YES;
			};
			name = Release;
		};
		9CE6E1C92668A72000513773 /* Debug */ = {
			isa = XCBuildConfiguration;
			buildSettings = {
				ASSETCATALOG_COMPILER_APPICON_NAME = AppIcon;
				ASSETCATALOG_COMPILER_GLOBAL_ACCENT_COLOR_NAME = AccentColor;
				CODE_SIGN_STYLE = Automatic;
				DEVELOPMENT_TEAM = QYS6FPP9KT;
				INFOPLIST_FILE = MVVM/Info.plist;
				LD_RUNPATH_SEARCH_PATHS = (
					"$(inherited)",
					"@executable_path/Frameworks",
				);
				PRODUCT_BUNDLE_IDENTIFIER = "phungngocvulinh99-gmail.com.MVVM";
				PRODUCT_NAME = "$(TARGET_NAME)";
				SWIFT_VERSION = 5.0;
				TARGETED_DEVICE_FAMILY = "1,2";
			};
			name = Debug;
		};
		9CE6E1CA2668A72000513773 /* Release */ = {
			isa = XCBuildConfiguration;
			buildSettings = {
				ASSETCATALOG_COMPILER_APPICON_NAME = AppIcon;
				ASSETCATALOG_COMPILER_GLOBAL_ACCENT_COLOR_NAME = AccentColor;
				CODE_SIGN_STYLE = Automatic;
				DEVELOPMENT_TEAM = QYS6FPP9KT;
				INFOPLIST_FILE = MVVM/Info.plist;
				LD_RUNPATH_SEARCH_PATHS = (
					"$(inherited)",
					"@executable_path/Frameworks",
				);
				PRODUCT_BUNDLE_IDENTIFIER = "phungngocvulinh99-gmail.com.MVVM";
				PRODUCT_NAME = "$(TARGET_NAME)";
				SWIFT_VERSION = 5.0;
				TARGETED_DEVICE_FAMILY = "1,2";
			};
			name = Release;
		};
/* End XCBuildConfiguration section */

/* Begin XCConfigurationList section */
		9CE6E1AF2668A71E00513773 /* Build configuration list for PBXProject "MVVM" */ = {
			isa = XCConfigurationList;
			buildConfigurations = (
				9CE6E1C62668A72000513773 /* Debug */,
				9CE6E1C72668A72000513773 /* Release */,
			);
			defaultConfigurationIsVisible = 0;
			defaultConfigurationName = Release;
		};
		9CE6E1C82668A72000513773 /* Build configuration list for PBXNativeTarget "MVVM" */ = {
			isa = XCConfigurationList;
			buildConfigurations = (
				9CE6E1C92668A72000513773 /* Debug */,
				9CE6E1CA2668A72000513773 /* Release */,
			);
			defaultConfigurationIsVisible = 0;
			defaultConfigurationName = Release;
		};
/* End XCConfigurationList section */
	};
	rootObject = 9CE6E1AC2668A71E00513773 /* Project object */;
}
